
Microsoft Visual Studio Solution File, Format Version 12.00
# Visual Studio 2013
VisualStudioVersion = 12.0.31101.0
MinimumVisualStudioVersion = 10.0.40219.1
Project("{FAE04EC0-301F-11D3-BF4B-00C04F79EFBC}") = "AzureKeyVaultExplorer", "AzureKeyVaultExplorer\AzureKeyVaultExplorer.csproj", "{42E79A2C-F203-420B-A2D8-50CB8C801DB1}"
EndProject
Project("{FAE04EC0-301F-11D3-BF4B-00C04F79EFBC}") = "AzureKeyVaultExplorer.Tests", "AzureKeyVaultExplorer.Tests\AzureKeyVaultExplorer.Tests.csproj", "{EACF2509-146E-48E5-A004-DD900A33C8E6}"
EndProject
Project("{2150E333-8FDC-42A3-9474-1A3956D46DE8}") = "Settings", "Settings", "{B863FAFB-0184-4E91-9951-F1285AB59176}"
	ProjectSection(SolutionItems) = preProject
		Settings.StyleCop = Settings.StyleCop
	EndProjectSection
EndProject
Global
	GlobalSection(SolutionConfigurationPlatforms) = preSolution
		Debug|Any CPU = Debug|Any CPU
		Release|Any CPU = Release|Any CPU
	EndGlobalSection
	GlobalSection(ProjectConfigurationPlatforms) = postSolution
		{42E79A2C-F203-420B-A2D8-50CB8C801DB1}.Debug|Any CPU.ActiveCfg = Debug|Any CPU
		{42E79A2C-F203-420B-A2D8-50CB8C801DB1}.Debug|Any CPU.Build.0 = Debug|Any CPU
		{42E79A2C-F203-420B-A2D8-50CB8C801DB1}.Release|Any CPU.ActiveCfg = Release|Any CPU
		{42E79A2C-F203-420B-A2D8-50CB8C801DB1}.Release|Any CPU.Build.0 = Release|Any CPU
		{EACF2509-146E-48E5-A004-DD900A33C8E6}.Debug|Any CPU.ActiveCfg = Debug|Any CPU
		{EACF2509-146E-48E5-A004-DD900A33C8E6}.Debug|Any CPU.Build.0 = Debug|Any CPU
		{EACF2509-146E-48E5-A004-DD900A33C8E6}.Release|Any CPU.ActiveCfg = Release|Any CPU
		{EACF2509-146E-48E5-A004-DD900A33C8E6}.Release|Any CPU.Build.0 = Release|Any CPU
	EndGlobalSection
	GlobalSection(SolutionProperties) = preSolution
		HideSolutionNode = FALSE
	EndGlobalSection
EndGlobal
